
Microsoft Visual Studio Solution File, Format Version 12.00
# Visual Studio Version 16
VisualStudioVersion = 16.0.31205.134
MinimumVisualStudioVersion = 10.0.40219.1
Project("{FAE04EC0-301F-11D3-BF4B-00C04F79EFBC}") = "LootBox", "LootBox\LootBox.csproj", "{FD03F57F-CCBE-4A37-BEBC-13EA021266EC}"
EndProject
Project("{FAE04EC0-301F-11D3-BF4B-00C04F79EFBC}") = "ReVolt", "ReVolt\ReVolt.csproj", "{7C948409-07A0-413B-A36E-6340A9E9C3EA}"
EndProject
Project("{FAE04EC0-301F-11D3-BF4B-00C04F79EFBC}") = "Guild", "Guild\Guild.csproj", "{EF0E7F12-4A3F-4ABF-B06E-649F2D3AA2CB}"
EndProject
Project("{FAE04EC0-301F-11D3-BF4B-00C04F79EFBC}") = "Bombs", "Bombs\Bombs.csproj", "{3CAAED5D-E767-45A8-94E5-BD1BDB8CFD42}"
EndProject
Project("{FAE04EC0-301F-11D3-BF4B-00C04F79EFBC}") = "Snake", "Snake\Snake.csproj", "{3CA8C655-C7CC-42AF-9AD9-8F328582B30A}"
EndProject
Global
	GlobalSection(SolutionConfigurationPlatforms) = preSolution
		Debug|Any CPU = Debug|Any CPU
		Release|Any CPU = Release|Any CPU
	EndGlobalSection
	GlobalSection(ProjectConfigurationPlatforms) = postSolution
		{FD03F57F-CCBE-4A37-BEBC-13EA021266EC}.Debug|Any CPU.ActiveCfg = Debug|Any CPU
		{FD03F57F-CCBE-4A37-BEBC-13EA021266EC}.Debug|Any CPU.Build.0 = Debug|Any CPU
		{FD03F57F-CCBE-4A37-BEBC-13EA021266EC}.Release|Any CPU.ActiveCfg = Release|Any CPU
		{FD03F57F-CCBE-4A37-BEBC-13EA021266EC}.Release|Any CPU.Build.0 = Release|Any CPU
		{7C948409-07A0-413B-A36E-6340A9E9C3EA}.Debug|Any CPU.ActiveCfg = Debug|Any CPU
		{7C948409-07A0-413B-A36E-6340A9E9C3EA}.Debug|Any CPU.Build.0 = Debug|Any CPU
		{7C948409-07A0-413B-A36E-6340A9E9C3EA}.Release|Any CPU.ActiveCfg = Release|Any CPU
		{7C948409-07A0-413B-A36E-6340A9E9C3EA}.Release|Any CPU.Build.0 = Release|Any CPU
		{EF0E7F12-4A3F-4ABF-B06E-649F2D3AA2CB}.Debug|Any CPU.ActiveCfg = Debug|Any CPU
		{EF0E7F12-4A3F-4ABF-B06E-649F2D3AA2CB}.Debug|Any CPU.Build.0 = Debug|Any CPU
		{EF0E7F12-4A3F-4ABF-B06E-649F2D3AA2CB}.Release|Any CPU.ActiveCfg = Release|Any CPU
		{EF0E7F12-4A3F-4ABF-B06E-649F2D3AA2CB}.Release|Any CPU.Build.0 = Release|Any CPU
		{3CAAED5D-E767-45A8-94E5-BD1BDB8CFD42}.Debug|Any CPU.ActiveCfg = Debug|Any CPU
		{3CAAED5D-E767-45A8-94E5-BD1BDB8CFD42}.Debug|Any CPU.Build.0 = Debug|Any CPU
		{3CAAED5D-E767-45A8-94E5-BD1BDB8CFD42}.Release|Any CPU.ActiveCfg = Release|Any CPU
		{3CAAED5D-E767-45A8-94E5-BD1BDB8CFD42}.Release|Any CPU.Build.0 = Release|Any CPU
		{3CA8C655-C7CC-42AF-9AD9-8F328582B30A}.Debug|Any CPU.ActiveCfg = Debug|Any CPU
		{3CA8C655-C7CC-42AF-9AD9-8F328582B30A}.Debug|Any CPU.Build.0 = Debug|Any CPU
		{3CA8C655-C7CC-42AF-9AD9-8F328582B30A}.Release|Any CPU.ActiveCfg = Release|Any CPU
		{3CA8C655-C7CC-42AF-9AD9-8F328582B30A}.Release|Any CPU.Build.0 = Release|Any CPU
	EndGlobalSection
	GlobalSection(SolutionProperties) = preSolution
		HideSolutionNode = FALSE
	EndGlobalSection
	GlobalSection(ExtensibilityGlobals) = postSolution
		SolutionGuid = {DBA58EE9-CEF3-4F1B-935C-2AF7CAEE582F}
	EndGlobalSection
EndGlobal
