
Microsoft Visual Studio Solution File, Format Version 12.00
# Visual Studio Version 16
VisualStudioVersion = 16.0.31205.134
MinimumVisualStudioVersion = 10.0.40219.1
Project("{FAE04EC0-301F-11D3-BF4B-00C04F79EFBC}") = "LootBox", "LootBox\LootBox.csproj", "{FD03F57F-CCBE-4A37-BEBC-13EA021266EC}"
EndProject
Project("{FAE04EC0-301F-11D3-BF4B-00C04F79EFBC}") = "ReVolt", "ReVolt\ReVolt.csproj", "{7C948409-07A0-413B-A36E-6340A9E9C3EA}"
EndProject
Global
	GlobalSection(SolutionConfigurationPlatforms) = preSolution
		Debug|Any CPU = Debug|Any CPU
		Release|Any CPU = Release|Any CPU
	EndGlobalSection
	GlobalSection(ProjectConfigurationPlatforms) = postSolution
		{FD03F57F-CCBE-4A37-BEBC-13EA021266EC}.Debug|Any CPU.ActiveCfg = Debug|Any CPU
		{FD03F57F-CCBE-4A37-BEBC-13EA021266EC}.Debug|Any CPU.Build.0 = Debug|Any CPU
		{FD03F57F-CCBE-4A37-BEBC-13EA021266EC}.Release|Any CPU.ActiveCfg = Release|Any CPU
		{FD03F57F-CCBE-4A37-BEBC-13EA021266EC}.Release|Any CPU.Build.0 = Release|Any CPU
		{7C948409-07A0-413B-A36E-6340A9E9C3EA}.Debug|Any CPU.ActiveCfg = Debug|Any CPU
		{7C948409-07A0-413B-A36E-6340A9E9C3EA}.Debug|Any CPU.Build.0 = Debug|Any CPU
		{7C948409-07A0-413B-A36E-6340A9E9C3EA}.Release|Any CPU.ActiveCfg = Release|Any CPU
		{7C948409-07A0-413B-A36E-6340A9E9C3EA}.Release|Any CPU.Build.0 = Release|Any CPU
	EndGlobalSection
	GlobalSection(SolutionProperties) = preSolution
		HideSolutionNode = FALSE
	EndGlobalSection
	GlobalSection(ExtensibilityGlobals) = postSolution
		SolutionGuid = {DBA58EE9-CEF3-4F1B-935C-2AF7CAEE582F}
	EndGlobalSection
EndGlobal
