
Microsoft Visual Studio Solution File, Format Version 12.00
# Visual Studio Version 16
VisualStudioVersion = 16.0.31205.134
MinimumVisualStudioVersion = 10.0.40219.1
Project("{FAE04EC0-301F-11D3-BF4B-00C04F79EFBC}") = "LootBox", "LootBox\LootBox.csproj", "{FD03F57F-CCBE-4A37-BEBC-13EA021266EC}"
EndProject
Project("{FAE04EC0-301F-11D3-BF4B-00C04F79EFBC}") = "ReVolt", "ReVolt\ReVolt.csproj", "{7C948409-07A0-413B-A36E-6340A9E9C3EA}"
EndProject
Project("{FAE04EC0-301F-11D3-BF4B-00C04F79EFBC}") = "Guild", "Guild\Guild.csproj", "{EF0E7F12-4A3F-4ABF-B06E-649F2D3AA2CB}"
EndProject
Project("{FAE04EC0-301F-11D3-BF4B-00C04F79EFBC}") = "Bombs", "Bombs\Bombs.csproj", "{3CAAED5D-E767-45A8-94E5-BD1BDB8CFD42}"
EndProject
Project("{FAE04EC0-301F-11D3-BF4B-00C04F79EFBC}") = "Snake", "Snake\Snake.csproj", "{3CA8C655-C7CC-42AF-9AD9-8F328582B30A}"
EndProject
Project("{FAE04EC0-301F-11D3-BF4B-00C04F79EFBC}") = "Parking", "Parking\Parking.csproj", "{F328F28D-720D-4D69-B38D-DED84C13313F}"
EndProject
Project("{FAE04EC0-301F-11D3-BF4B-00C04F79EFBC}") = "FlowerWreaths", "FlowerWreaths\FlowerWreaths.csproj", "{32FC4AAE-14E5-4BFF-AB3B-3816BFC32F11}"
EndProject
Project("{FAE04EC0-301F-11D3-BF4B-00C04F79EFBC}") = "Bee", "Bee\Bee.csproj", "{A0EDE7E9-C862-4BCF-B63B-9D66B3D02C78}"
EndProject
Project("{FAE04EC0-301F-11D3-BF4B-00C04F79EFBC}") = "VetClinic", "VetClinic\VetClinic.csproj", "{AF7A54E7-A2F8-4959-8006-F18B12A705F6}"
EndProject
Project("{FAE04EC0-301F-11D3-BF4B-00C04F79EFBC}") = "Scheduling", "Scheduling\Scheduling.csproj", "{C0970021-FE55-4B56-A9F5-EF9F1E4FB3BB}"
EndProject
Project("{FAE04EC0-301F-11D3-BF4B-00C04F79EFBC}") = "Garden", "Garden\Garden.csproj", "{BC8D96F5-63F6-46C6-ABA5-590004E398F8}"
EndProject
Project("{FAE04EC0-301F-11D3-BF4B-00C04F79EFBC}") = "Classroom", "Classroom\Classroom.csproj", "{2D6EDE47-D404-416E-A4C7-032E483921EB}"
EndProject
Project("{FAE04EC0-301F-11D3-BF4B-00C04F79EFBC}") = "Cooking", "Cooking\Cooking.csproj", "{62AF3595-3811-4C94-9EA7-6BAE64FCCF31}"
EndProject
Project("{FAE04EC0-301F-11D3-BF4B-00C04F79EFBC}") = "Selling", "Selling\Selling.csproj", "{D0CD4C84-26F7-45A0-AF54-310B1FE93B18}"
EndProject
Project("{FAE04EC0-301F-11D3-BF4B-00C04F79EFBC}") = "Opening", "Opening\Opening.csproj", "{1365533D-9321-4A79-A618-B8898B6125F5}"
EndProject
Project("{FAE04EC0-301F-11D3-BF4B-00C04F79EFBC}") = "TheFightForGondor", "TheFightForGondor\TheFightForGondor.csproj", "{9EE7B730-37F4-4FB7-96A4-E08601714B84}"
EndProject
Project("{FAE04EC0-301F-11D3-BF4B-00C04F79EFBC}") = "Warships", "Warships\Warships.csproj", "{A7C67ECB-C531-44C5-B10E-3DF7C1C675A8}"
EndProject
Project("{FAE04EC0-301F-11D3-BF4B-00C04F79EFBC}") = "TheRace", "TheRace\TheRace.csproj", "{D5E14133-50A0-482D-8F32-449B5405B4F5}"
EndProject
Global
	GlobalSection(SolutionConfigurationPlatforms) = preSolution
		Debug|Any CPU = Debug|Any CPU
		Release|Any CPU = Release|Any CPU
	EndGlobalSection
	GlobalSection(ProjectConfigurationPlatforms) = postSolution
		{FD03F57F-CCBE-4A37-BEBC-13EA021266EC}.Debug|Any CPU.ActiveCfg = Debug|Any CPU
		{FD03F57F-CCBE-4A37-BEBC-13EA021266EC}.Debug|Any CPU.Build.0 = Debug|Any CPU
		{FD03F57F-CCBE-4A37-BEBC-13EA021266EC}.Release|Any CPU.ActiveCfg = Release|Any CPU
		{FD03F57F-CCBE-4A37-BEBC-13EA021266EC}.Release|Any CPU.Build.0 = Release|Any CPU
		{7C948409-07A0-413B-A36E-6340A9E9C3EA}.Debug|Any CPU.ActiveCfg = Debug|Any CPU
		{7C948409-07A0-413B-A36E-6340A9E9C3EA}.Debug|Any CPU.Build.0 = Debug|Any CPU
		{7C948409-07A0-413B-A36E-6340A9E9C3EA}.Release|Any CPU.ActiveCfg = Release|Any CPU
		{7C948409-07A0-413B-A36E-6340A9E9C3EA}.Release|Any CPU.Build.0 = Release|Any CPU
		{EF0E7F12-4A3F-4ABF-B06E-649F2D3AA2CB}.Debug|Any CPU.ActiveCfg = Debug|Any CPU
		{EF0E7F12-4A3F-4ABF-B06E-649F2D3AA2CB}.Debug|Any CPU.Build.0 = Debug|Any CPU
		{EF0E7F12-4A3F-4ABF-B06E-649F2D3AA2CB}.Release|Any CPU.ActiveCfg = Release|Any CPU
		{EF0E7F12-4A3F-4ABF-B06E-649F2D3AA2CB}.Release|Any CPU.Build.0 = Release|Any CPU
		{3CAAED5D-E767-45A8-94E5-BD1BDB8CFD42}.Debug|Any CPU.ActiveCfg = Debug|Any CPU
		{3CAAED5D-E767-45A8-94E5-BD1BDB8CFD42}.Debug|Any CPU.Build.0 = Debug|Any CPU
		{3CAAED5D-E767-45A8-94E5-BD1BDB8CFD42}.Release|Any CPU.ActiveCfg = Release|Any CPU
		{3CAAED5D-E767-45A8-94E5-BD1BDB8CFD42}.Release|Any CPU.Build.0 = Release|Any CPU
		{3CA8C655-C7CC-42AF-9AD9-8F328582B30A}.Debug|Any CPU.ActiveCfg = Debug|Any CPU
		{3CA8C655-C7CC-42AF-9AD9-8F328582B30A}.Debug|Any CPU.Build.0 = Debug|Any CPU
		{3CA8C655-C7CC-42AF-9AD9-8F328582B30A}.Release|Any CPU.ActiveCfg = Release|Any CPU
		{3CA8C655-C7CC-42AF-9AD9-8F328582B30A}.Release|Any CPU.Build.0 = Release|Any CPU
		{F328F28D-720D-4D69-B38D-DED84C13313F}.Debug|Any CPU.ActiveCfg = Debug|Any CPU
		{F328F28D-720D-4D69-B38D-DED84C13313F}.Debug|Any CPU.Build.0 = Debug|Any CPU
		{F328F28D-720D-4D69-B38D-DED84C13313F}.Release|Any CPU.ActiveCfg = Release|Any CPU
		{F328F28D-720D-4D69-B38D-DED84C13313F}.Release|Any CPU.Build.0 = Release|Any CPU
		{32FC4AAE-14E5-4BFF-AB3B-3816BFC32F11}.Debug|Any CPU.ActiveCfg = Debug|Any CPU
		{32FC4AAE-14E5-4BFF-AB3B-3816BFC32F11}.Debug|Any CPU.Build.0 = Debug|Any CPU
		{32FC4AAE-14E5-4BFF-AB3B-3816BFC32F11}.Release|Any CPU.ActiveCfg = Release|Any CPU
		{32FC4AAE-14E5-4BFF-AB3B-3816BFC32F11}.Release|Any CPU.Build.0 = Release|Any CPU
		{A0EDE7E9-C862-4BCF-B63B-9D66B3D02C78}.Debug|Any CPU.ActiveCfg = Debug|Any CPU
		{A0EDE7E9-C862-4BCF-B63B-9D66B3D02C78}.Debug|Any CPU.Build.0 = Debug|Any CPU
		{A0EDE7E9-C862-4BCF-B63B-9D66B3D02C78}.Release|Any CPU.ActiveCfg = Release|Any CPU
		{A0EDE7E9-C862-4BCF-B63B-9D66B3D02C78}.Release|Any CPU.Build.0 = Release|Any CPU
		{AF7A54E7-A2F8-4959-8006-F18B12A705F6}.Debug|Any CPU.ActiveCfg = Debug|Any CPU
		{AF7A54E7-A2F8-4959-8006-F18B12A705F6}.Debug|Any CPU.Build.0 = Debug|Any CPU
		{AF7A54E7-A2F8-4959-8006-F18B12A705F6}.Release|Any CPU.ActiveCfg = Release|Any CPU
		{AF7A54E7-A2F8-4959-8006-F18B12A705F6}.Release|Any CPU.Build.0 = Release|Any CPU
		{C0970021-FE55-4B56-A9F5-EF9F1E4FB3BB}.Debug|Any CPU.ActiveCfg = Debug|Any CPU
		{C0970021-FE55-4B56-A9F5-EF9F1E4FB3BB}.Debug|Any CPU.Build.0 = Debug|Any CPU
		{C0970021-FE55-4B56-A9F5-EF9F1E4FB3BB}.Release|Any CPU.ActiveCfg = Release|Any CPU
		{C0970021-FE55-4B56-A9F5-EF9F1E4FB3BB}.Release|Any CPU.Build.0 = Release|Any CPU
		{BC8D96F5-63F6-46C6-ABA5-590004E398F8}.Debug|Any CPU.ActiveCfg = Debug|Any CPU
		{BC8D96F5-63F6-46C6-ABA5-590004E398F8}.Debug|Any CPU.Build.0 = Debug|Any CPU
		{BC8D96F5-63F6-46C6-ABA5-590004E398F8}.Release|Any CPU.ActiveCfg = Release|Any CPU
		{BC8D96F5-63F6-46C6-ABA5-590004E398F8}.Release|Any CPU.Build.0 = Release|Any CPU
		{2D6EDE47-D404-416E-A4C7-032E483921EB}.Debug|Any CPU.ActiveCfg = Debug|Any CPU
		{2D6EDE47-D404-416E-A4C7-032E483921EB}.Debug|Any CPU.Build.0 = Debug|Any CPU
		{2D6EDE47-D404-416E-A4C7-032E483921EB}.Release|Any CPU.ActiveCfg = Release|Any CPU
		{2D6EDE47-D404-416E-A4C7-032E483921EB}.Release|Any CPU.Build.0 = Release|Any CPU
		{62AF3595-3811-4C94-9EA7-6BAE64FCCF31}.Debug|Any CPU.ActiveCfg = Debug|Any CPU
		{62AF3595-3811-4C94-9EA7-6BAE64FCCF31}.Debug|Any CPU.Build.0 = Debug|Any CPU
		{62AF3595-3811-4C94-9EA7-6BAE64FCCF31}.Release|Any CPU.ActiveCfg = Release|Any CPU
		{62AF3595-3811-4C94-9EA7-6BAE64FCCF31}.Release|Any CPU.Build.0 = Release|Any CPU
		{D0CD4C84-26F7-45A0-AF54-310B1FE93B18}.Debug|Any CPU.ActiveCfg = Debug|Any CPU
		{D0CD4C84-26F7-45A0-AF54-310B1FE93B18}.Debug|Any CPU.Build.0 = Debug|Any CPU
		{D0CD4C84-26F7-45A0-AF54-310B1FE93B18}.Release|Any CPU.ActiveCfg = Release|Any CPU
		{D0CD4C84-26F7-45A0-AF54-310B1FE93B18}.Release|Any CPU.Build.0 = Release|Any CPU
		{1365533D-9321-4A79-A618-B8898B6125F5}.Debug|Any CPU.ActiveCfg = Debug|Any CPU
		{1365533D-9321-4A79-A618-B8898B6125F5}.Debug|Any CPU.Build.0 = Debug|Any CPU
		{1365533D-9321-4A79-A618-B8898B6125F5}.Release|Any CPU.ActiveCfg = Release|Any CPU
		{1365533D-9321-4A79-A618-B8898B6125F5}.Release|Any CPU.Build.0 = Release|Any CPU
		{9EE7B730-37F4-4FB7-96A4-E08601714B84}.Debug|Any CPU.ActiveCfg = Debug|Any CPU
		{9EE7B730-37F4-4FB7-96A4-E08601714B84}.Debug|Any CPU.Build.0 = Debug|Any CPU
		{9EE7B730-37F4-4FB7-96A4-E08601714B84}.Release|Any CPU.ActiveCfg = Release|Any CPU
		{9EE7B730-37F4-4FB7-96A4-E08601714B84}.Release|Any CPU.Build.0 = Release|Any CPU
		{A7C67ECB-C531-44C5-B10E-3DF7C1C675A8}.Debug|Any CPU.ActiveCfg = Debug|Any CPU
		{A7C67ECB-C531-44C5-B10E-3DF7C1C675A8}.Debug|Any CPU.Build.0 = Debug|Any CPU
		{A7C67ECB-C531-44C5-B10E-3DF7C1C675A8}.Release|Any CPU.ActiveCfg = Release|Any CPU
		{A7C67ECB-C531-44C5-B10E-3DF7C1C675A8}.Release|Any CPU.Build.0 = Release|Any CPU
		{D5E14133-50A0-482D-8F32-449B5405B4F5}.Debug|Any CPU.ActiveCfg = Debug|Any CPU
		{D5E14133-50A0-482D-8F32-449B5405B4F5}.Debug|Any CPU.Build.0 = Debug|Any CPU
		{D5E14133-50A0-482D-8F32-449B5405B4F5}.Release|Any CPU.ActiveCfg = Release|Any CPU
		{D5E14133-50A0-482D-8F32-449B5405B4F5}.Release|Any CPU.Build.0 = Release|Any CPU
	EndGlobalSection
	GlobalSection(SolutionProperties) = preSolution
		HideSolutionNode = FALSE
	EndGlobalSection
	GlobalSection(ExtensibilityGlobals) = postSolution
		SolutionGuid = {DBA58EE9-CEF3-4F1B-935C-2AF7CAEE582F}
	EndGlobalSection
EndGlobal
